
Microsoft Visual Studio Solution File, Format Version 12.00
# Visual Studio Version 17
VisualStudioVersion = 17.9.34607.119
MinimumVisualStudioVersion = 10.0.40219.1
Project("{9A19103F-16F7-4668-BE54-9A1E7A4F7556}") = "StrategiesTest", "StrategiesTest\StrategiesTest.csproj", "{EAD8CA37-248C-4098-A33B-A965F295EC00}"
EndProject
Project("{9A19103F-16F7-4668-BE54-9A1E7A4F7556}") = "TPTTest", "TPTTest\TPTTest.csproj", "{05BFBCCF-122C-46AA-BA4B-25D0C1A59DF8}"
EndProject
Project("{FAE04EC0-301F-11D3-BF4B-00C04F79EFBC}") = "TPCTest", "TPCTest\TPCTest.csproj", "{A4C4E770-4780-4B89-8C76-D4D13FD27126}"
EndProject
Global
	GlobalSection(SolutionConfigurationPlatforms) = preSolution
		Debug|Any CPU = Debug|Any CPU
		Release|Any CPU = Release|Any CPU
	EndGlobalSection
	GlobalSection(ProjectConfigurationPlatforms) = postSolution
		{EAD8CA37-248C-4098-A33B-A965F295EC00}.Debug|Any CPU.ActiveCfg = Debug|Any CPU
		{EAD8CA37-248C-4098-A33B-A965F295EC00}.Debug|Any CPU.Build.0 = Debug|Any CPU
		{EAD8CA37-248C-4098-A33B-A965F295EC00}.Release|Any CPU.ActiveCfg = Release|Any CPU
		{EAD8CA37-248C-4098-A33B-A965F295EC00}.Release|Any CPU.Build.0 = Release|Any CPU
		{05BFBCCF-122C-46AA-BA4B-25D0C1A59DF8}.Debug|Any CPU.ActiveCfg = Debug|Any CPU
		{05BFBCCF-122C-46AA-BA4B-25D0C1A59DF8}.Debug|Any CPU.Build.0 = Debug|Any CPU
		{05BFBCCF-122C-46AA-BA4B-25D0C1A59DF8}.Release|Any CPU.ActiveCfg = Release|Any CPU
		{05BFBCCF-122C-46AA-BA4B-25D0C1A59DF8}.Release|Any CPU.Build.0 = Release|Any CPU
		{A4C4E770-4780-4B89-8C76-D4D13FD27126}.Debug|Any CPU.ActiveCfg = Debug|Any CPU
		{A4C4E770-4780-4B89-8C76-D4D13FD27126}.Debug|Any CPU.Build.0 = Debug|Any CPU
		{A4C4E770-4780-4B89-8C76-D4D13FD27126}.Release|Any CPU.ActiveCfg = Release|Any CPU
		{A4C4E770-4780-4B89-8C76-D4D13FD27126}.Release|Any CPU.Build.0 = Release|Any CPU
	EndGlobalSection
	GlobalSection(SolutionProperties) = preSolution
		HideSolutionNode = FALSE
	EndGlobalSection
	GlobalSection(ExtensibilityGlobals) = postSolution
		SolutionGuid = {935AA00C-F199-4459-910A-E2B133B2CA31}
	EndGlobalSection
EndGlobal
